// !$*UTF8*$!
{
	archiveVersion = 1;
	classes = {
	};
	objectVersion = 48;
	objects = {

/* Begin PBXBuildFile section */
		5BA6003C0AC2532F767672CD /* Pods_Messenger.framework in Frameworks */ = {isa = PBXBuildFile; fileRef = F6D8F9930F6193F3952D6631 /* Pods_Messenger.framework */; };
		FE08E15421611D7700007D7C /* ProfileViewController.swift in Sources */ = {isa = PBXBuildFile; fileRef = FE08E15321611D7700007D7C /* ProfileViewController.swift */; };
		FE1F1097217CC0CF00694AA2 /* GCDDataManager.swift in Sources */ = {isa = PBXBuildFile; fileRef = FE1F1096217CC0CF00694AA2 /* GCDDataManager.swift */; };
		FE1F1099217CC0E100694AA2 /* OperationDataManager..swift in Sources */ = {isa = PBXBuildFile; fileRef = FE1F1098217CC0E100694AA2 /* OperationDataManager..swift */; };
		FE1F109B217CC26000694AA2 /* ProfileSaveProtocol.swift in Sources */ = {isa = PBXBuildFile; fileRef = FE1F109A217CC26000694AA2 /* ProfileSaveProtocol.swift */; };
		FE1F109D217CC2BA00694AA2 /* UserProfile.swift in Sources */ = {isa = PBXBuildFile; fileRef = FE1F109C217CC2BA00694AA2 /* UserProfile.swift */; };
		FE1F109F217CD59F00694AA2 /* AsyncOperation.swift in Sources */ = {isa = PBXBuildFile; fileRef = FE1F109E217CD59F00694AA2 /* AsyncOperation.swift */; };
		FE2155CE21A21A410005943B /* AppUser.swift in Sources */ = {isa = PBXBuildFile; fileRef = FE2155CD21A21A410005943B /* AppUser.swift */; };
		FE31022821A1C8E600A8428A /* CoreDataStack.swift in Sources */ = {isa = PBXBuildFile; fileRef = FE31022721A1C8E600A8428A /* CoreDataStack.swift */; };
		FE35D38C2173720A00853120 /* ThemesViewController.m in Sources */ = {isa = PBXBuildFile; fileRef = FE35D38B2173720A00853120 /* ThemesViewController.m */; };
		FE78F8572173D2B90086CBCD /* ThemesViewControllerSwift.swift in Sources */ = {isa = PBXBuildFile; fileRef = FE78F8562173D2B90086CBCD /* ThemesViewControllerSwift.swift */; };
		FE7CF30C216A321500F4ECBF /* ConversationsListViewController.swift in Sources */ = {isa = PBXBuildFile; fileRef = FE7CF30B216A321500F4ECBF /* ConversationsListViewController.swift */; };
		FE7CF311216A376C00F4ECBF /* ConversationTableViewCell.swift in Sources */ = {isa = PBXBuildFile; fileRef = FE7CF30F216A376C00F4ECBF /* ConversationTableViewCell.swift */; };
		FE7E1749218F2D8E00042541 /* StorageManager.swift in Sources */ = {isa = PBXBuildFile; fileRef = FE7E1748218F2D8E00042541 /* StorageManager.swift */; };
		FE7FFB4F2198B58800A7F883 /* .swiftlint.yml in Resources */ = {isa = PBXBuildFile; fileRef = FE7FFB4E2198B58800A7F883 /* .swiftlint.yml */; };
		FE8E100821B57ECF00305FAA /* TinkoffLogoMaker.swift in Sources */ = {isa = PBXBuildFile; fileRef = FE8E100721B57ECF00305FAA /* TinkoffLogoMaker.swift */; };
		FE8E100A21B582FF00305FAA /* TinkoffLogoNavigationController.swift in Sources */ = {isa = PBXBuildFile; fileRef = FE8E100921B582FF00305FAA /* TinkoffLogoNavigationController.swift */; };
		FE9DB1662185F58D00CEB400 /* CommunicationManager.swift in Sources */ = {isa = PBXBuildFile; fileRef = FE9DB1652185F58D00CEB400 /* CommunicationManager.swift */; };
		FE9DB1682185F62100CEB400 /* Communicator.swift in Sources */ = {isa = PBXBuildFile; fileRef = FE9DB1672185F62100CEB400 /* Communicator.swift */; };
		FE9DB16C2185F75A00CEB400 /* CommunicationDelegate.swift in Sources */ = {isa = PBXBuildFile; fileRef = FE9DB16B2185F75A00CEB400 /* CommunicationDelegate.swift */; };
		FE9DB16E2185FA1100CEB400 /* MCExtension.swift in Sources */ = {isa = PBXBuildFile; fileRef = FE9DB16D2185FA1100CEB400 /* MCExtension.swift */; };
		FE9DB1702185FA4A00CEB400 /* MultiPeerCommunicator.swift in Sources */ = {isa = PBXBuildFile; fileRef = FE9DB16F2185FA4A00CEB400 /* MultiPeerCommunicator.swift */; };
		FEA2995421AAF22E00D1C109 /* ImageProvider.swift in Sources */ = {isa = PBXBuildFile; fileRef = FEA2995321AAF22E00D1C109 /* ImageProvider.swift */; };
		FEA2995621AAF46900D1C109 /* ImageRequestsStorageParser.swift in Sources */ = {isa = PBXBuildFile; fileRef = FEA2995521AAF46900D1C109 /* ImageRequestsStorageParser.swift */; };
		FEA2995821AAF48D00D1C109 /* Requests.swift in Sources */ = {isa = PBXBuildFile; fileRef = FEA2995721AAF48D00D1C109 /* Requests.swift */; };
		FEA2995A21AB039500D1C109 /* DownloadImageManager.swift in Sources */ = {isa = PBXBuildFile; fileRef = FEA2995921AB039500D1C109 /* DownloadImageManager.swift */; };
		FEA2995C21AB03AC00D1C109 /* NetworkManager.swift in Sources */ = {isa = PBXBuildFile; fileRef = FEA2995B21AB03AC00D1C109 /* NetworkManager.swift */; };
		FEA44811216A6D340042A9A2 /* ConversationViewController.swift in Sources */ = {isa = PBXBuildFile; fileRef = FEA44810216A6D330042A9A2 /* ConversationViewController.swift */; };
		FEA44813216A742E0042A9A2 /* ChatTableViewCell.swift in Sources */ = {isa = PBXBuildFile; fileRef = FEA44812216A742E0042A9A2 /* ChatTableViewCell.swift */; };
		FEB470B321A1DFC000371D64 /* CoreAssembly.swift in Sources */ = {isa = PBXBuildFile; fileRef = FEB470B221A1DFC000371D64 /* CoreAssembly.swift */; };
		FEB470B721A1E0BA00371D64 /* RootAssembly.swift in Sources */ = {isa = PBXBuildFile; fileRef = FEB470B621A1E0BA00371D64 /* RootAssembly.swift */; };
		FEB470B921A1E10600371D64 /* PresentationAssembly.swift in Sources */ = {isa = PBXBuildFile; fileRef = FEB470B821A1E10600371D64 /* PresentationAssembly.swift */; };
		FEB470BD21A1E20200371D64 /* ServicesAssembly.swift in Sources */ = {isa = PBXBuildFile; fileRef = FEB470BC21A1E20200371D64 /* ServicesAssembly.swift */; };
		FEB470C521A1E66100371D64 /* ConversationsListModel.swift in Sources */ = {isa = PBXBuildFile; fileRef = FEB470C421A1E66100371D64 /* ConversationsListModel.swift */; };
		FEB470DA21A1FB5000371D64 /* MessageRequestsManager.swift in Sources */ = {isa = PBXBuildFile; fileRef = FEB470D921A1FB5000371D64 /* MessageRequestsManager.swift */; };
		FEB470DC21A1FDB700371D64 /* UserRequestsManager.swift in Sources */ = {isa = PBXBuildFile; fileRef = FEB470DB21A1FDB700371D64 /* UserRequestsManager.swift */; };
		FEB470DE21A1FF4300371D64 /* ConversationListInteractor.swift in Sources */ = {isa = PBXBuildFile; fileRef = FEB470DD21A1FF4300371D64 /* ConversationListInteractor.swift */; };
		FEB470E021A1FFFB00371D64 /* CommunicationIntegrator.swift in Sources */ = {isa = PBXBuildFile; fileRef = FEB470DF21A1FFFB00371D64 /* CommunicationIntegrator.swift */; };
		FEB470E221A2017900371D64 /* ProfileInteractor.swift in Sources */ = {isa = PBXBuildFile; fileRef = FEB470E121A2017900371D64 /* ProfileInteractor.swift */; };
		FEB470E421A2058200371D64 /* ICommunicationManager.swift in Sources */ = {isa = PBXBuildFile; fileRef = FEB470E321A2058200371D64 /* ICommunicationManager.swift */; };
		FECEA55B2157B63D0007FDF4 /* AppDelegate.swift in Sources */ = {isa = PBXBuildFile; fileRef = FECEA55A2157B63D0007FDF4 /* AppDelegate.swift */; };
		FECEA5602157B63D0007FDF4 /* Main.storyboard in Resources */ = {isa = PBXBuildFile; fileRef = FECEA55E2157B63D0007FDF4 /* Main.storyboard */; };
		FECEA5632157B63D0007FDF4 /* Messenger.xcdatamodeld in Sources */ = {isa = PBXBuildFile; fileRef = FECEA5612157B63D0007FDF4 /* Messenger.xcdatamodeld */; };
		FECEA5682157B63D0007FDF4 /* LaunchScreen.storyboard in Resources */ = {isa = PBXBuildFile; fileRef = FECEA5662157B63D0007FDF4 /* LaunchScreen.storyboard */; };
		FECEA56F2157BA910007FDF4 /* Assets.xcassets in Resources */ = {isa = PBXBuildFile; fileRef = FECEA5642157B63D0007FDF4 /* Assets.xcassets */; };
		FEEB31602173B6F300B2E220 /* Themes.m in Sources */ = {isa = PBXBuildFile; fileRef = FEEB315F2173B6F300B2E220 /* Themes.m */; };
		FEEB31622173C37900B2E220 /* UserDefaultsExtension.swift in Sources */ = {isa = PBXBuildFile; fileRef = FEEB31612173C37900B2E220 /* UserDefaultsExtension.swift */; };
		FEED6E8621986E1E00D00456 /* Conversation.swift in Sources */ = {isa = PBXBuildFile; fileRef = FEED6E8521986E1E00D00456 /* Conversation.swift */; };
		FEED6E8821986E3D00D00456 /* Message.swift in Sources */ = {isa = PBXBuildFile; fileRef = FEED6E8721986E3D00D00456 /* Message.swift */; };
		FEED6E8A21986EAF00D00456 /* User.swift in Sources */ = {isa = PBXBuildFile; fileRef = FEED6E8921986EAF00D00456 /* User.swift */; };
		FEED6E8C2198729F00D00456 /* ConversationRequestsManager.swift in Sources */ = {isa = PBXBuildFile; fileRef = FEED6E8B2198729F00D00456 /* ConversationRequestsManager.swift */; };
		FEEEE68C21AAE5AD004BA3E3 /* RequestConfig.swift in Sources */ = {isa = PBXBuildFile; fileRef = FEEEE68B21AAE5AD004BA3E3 /* RequestConfig.swift */; };
		FEEEE68E21AAE5ED004BA3E3 /* RequestSender.swift in Sources */ = {isa = PBXBuildFile; fileRef = FEEEE68D21AAE5ED004BA3E3 /* RequestSender.swift */; };
		FEEEE69121AAE7DC004BA3E3 /* DownloadImageViewController.swift in Sources */ = {isa = PBXBuildFile; fileRef = FEEEE69021AAE7DC004BA3E3 /* DownloadImageViewController.swift */; };
		FEEEE69321AAE8A6004BA3E3 /* ImageDownloader.swift in Sources */ = {isa = PBXBuildFile; fileRef = FEEEE69221AAE8A6004BA3E3 /* ImageDownloader.swift */; };
		FEEEE69521AAEB6C004BA3E3 /* DownloadImageCollectionViewCell.swift in Sources */ = {isa = PBXBuildFile; fileRef = FEEEE69421AAEB6C004BA3E3 /* DownloadImageCollectionViewCell.swift */; };
		FEEEE69821AAEC9D004BA3E3 /* DownloadImageInteractor.swift in Sources */ = {isa = PBXBuildFile; fileRef = FEEEE69721AAEC9D004BA3E3 /* DownloadImageInteractor.swift */; };
/* End PBXBuildFile section */

/* Begin PBXFileReference section */
		BCEF88FA66582B6D723AE47D /* Pods-Messenger.release.xcconfig */ = {isa = PBXFileReference; includeInIndex = 1; lastKnownFileType = text.xcconfig; name = "Pods-Messenger.release.xcconfig"; path = "Pods/Target Support Files/Pods-Messenger/Pods-Messenger.release.xcconfig"; sourceTree = "<group>"; };
		D6614CF3153E939593B848C8 /* Pods-Messenger.debug.xcconfig */ = {isa = PBXFileReference; includeInIndex = 1; lastKnownFileType = text.xcconfig; name = "Pods-Messenger.debug.xcconfig"; path = "Pods/Target Support Files/Pods-Messenger/Pods-Messenger.debug.xcconfig"; sourceTree = "<group>"; };
		F6D8F9930F6193F3952D6631 /* Pods_Messenger.framework */ = {isa = PBXFileReference; explicitFileType = wrapper.framework; includeInIndex = 0; path = Pods_Messenger.framework; sourceTree = BUILT_PRODUCTS_DIR; };
		FE08E15321611D7700007D7C /* ProfileViewController.swift */ = {isa = PBXFileReference; lastKnownFileType = sourcecode.swift; path = ProfileViewController.swift; sourceTree = "<group>"; };
		FE1F1096217CC0CF00694AA2 /* GCDDataManager.swift */ = {isa = PBXFileReference; lastKnownFileType = sourcecode.swift; path = GCDDataManager.swift; sourceTree = "<group>"; };
		FE1F1098217CC0E100694AA2 /* OperationDataManager..swift */ = {isa = PBXFileReference; lastKnownFileType = sourcecode.swift; path = OperationDataManager..swift; sourceTree = "<group>"; };
		FE1F109A217CC26000694AA2 /* ProfileSaveProtocol.swift */ = {isa = PBXFileReference; lastKnownFileType = sourcecode.swift; path = ProfileSaveProtocol.swift; sourceTree = "<group>"; };
		FE1F109C217CC2BA00694AA2 /* UserProfile.swift */ = {isa = PBXFileReference; lastKnownFileType = sourcecode.swift; path = UserProfile.swift; sourceTree = "<group>"; };
		FE1F109E217CD59F00694AA2 /* AsyncOperation.swift */ = {isa = PBXFileReference; lastKnownFileType = sourcecode.swift; path = AsyncOperation.swift; sourceTree = "<group>"; };
		FE2155CD21A21A410005943B /* AppUser.swift */ = {isa = PBXFileReference; lastKnownFileType = sourcecode.swift; path = AppUser.swift; sourceTree = "<group>"; };
		FE31022721A1C8E600A8428A /* CoreDataStack.swift */ = {isa = PBXFileReference; fileEncoding = 4; lastKnownFileType = sourcecode.swift; name = CoreDataStack.swift; path = ../../../../../CoreDataStack.swift; sourceTree = "<group>"; };
		FE35D38B2173720A00853120 /* ThemesViewController.m */ = {isa = PBXFileReference; lastKnownFileType = sourcecode.c.objc; path = ThemesViewController.m; sourceTree = "<group>"; };
		FE35D38D2173725400853120 /* ThemesViewController.h */ = {isa = PBXFileReference; lastKnownFileType = sourcecode.c.h; path = ThemesViewController.h; sourceTree = "<group>"; };
		FE35D38E21737ADC00853120 /* Messenger-Bridging-Header.h */ = {isa = PBXFileReference; lastKnownFileType = sourcecode.c.h; path = "Messenger-Bridging-Header.h"; sourceTree = "<group>"; };
		FE35D3932173809700853120 /* Themes.h */ = {isa = PBXFileReference; lastKnownFileType = sourcecode.c.h; path = Themes.h; sourceTree = "<group>"; };
		FE35D3942173889500853120 /* ThemesViewControllerDelegate.h */ = {isa = PBXFileReference; lastKnownFileType = sourcecode.c.h; path = ThemesViewControllerDelegate.h; sourceTree = "<group>"; };
		FE78F8562173D2B90086CBCD /* ThemesViewControllerSwift.swift */ = {isa = PBXFileReference; lastKnownFileType = sourcecode.swift; path = ThemesViewControllerSwift.swift; sourceTree = "<group>"; };
		FE7CF30B216A321500F4ECBF /* ConversationsListViewController.swift */ = {isa = PBXFileReference; lastKnownFileType = sourcecode.swift; path = ConversationsListViewController.swift; sourceTree = "<group>"; };
		FE7CF30F216A376C00F4ECBF /* ConversationTableViewCell.swift */ = {isa = PBXFileReference; lastKnownFileType = sourcecode.swift; path = ConversationTableViewCell.swift; sourceTree = "<group>"; };
		FE7E1748218F2D8E00042541 /* StorageManager.swift */ = {isa = PBXFileReference; lastKnownFileType = sourcecode.swift; path = StorageManager.swift; sourceTree = "<group>"; };
		FE7FFB4E2198B58800A7F883 /* .swiftlint.yml */ = {isa = PBXFileReference; lastKnownFileType = text; path = .swiftlint.yml; sourceTree = "<group>"; };
		FE8E100721B57ECF00305FAA /* TinkoffLogoMaker.swift */ = {isa = PBXFileReference; lastKnownFileType = sourcecode.swift; path = TinkoffLogoMaker.swift; sourceTree = "<group>"; };
		FE8E100921B582FF00305FAA /* TinkoffLogoNavigationController.swift */ = {isa = PBXFileReference; lastKnownFileType = sourcecode.swift; path = TinkoffLogoNavigationController.swift; sourceTree = "<group>"; };
		FE9DB1652185F58D00CEB400 /* CommunicationManager.swift */ = {isa = PBXFileReference; lastKnownFileType = sourcecode.swift; path = CommunicationManager.swift; sourceTree = "<group>"; };
		FE9DB1672185F62100CEB400 /* Communicator.swift */ = {isa = PBXFileReference; lastKnownFileType = sourcecode.swift; path = Communicator.swift; sourceTree = "<group>"; };
		FE9DB16B2185F75A00CEB400 /* CommunicationDelegate.swift */ = {isa = PBXFileReference; lastKnownFileType = sourcecode.swift; path = CommunicationDelegate.swift; sourceTree = "<group>"; };
		FE9DB16D2185FA1100CEB400 /* MCExtension.swift */ = {isa = PBXFileReference; lastKnownFileType = sourcecode.swift; path = MCExtension.swift; sourceTree = "<group>"; };
		FE9DB16F2185FA4A00CEB400 /* MultiPeerCommunicator.swift */ = {isa = PBXFileReference; lastKnownFileType = sourcecode.swift; path = MultiPeerCommunicator.swift; sourceTree = "<group>"; };
		FEA2995321AAF22E00D1C109 /* ImageProvider.swift */ = {isa = PBXFileReference; lastKnownFileType = sourcecode.swift; path = ImageProvider.swift; sourceTree = "<group>"; };
		FEA2995521AAF46900D1C109 /* ImageRequestsStorageParser.swift */ = {isa = PBXFileReference; lastKnownFileType = sourcecode.swift; path = ImageRequestsStorageParser.swift; sourceTree = "<group>"; };
		FEA2995721AAF48D00D1C109 /* Requests.swift */ = {isa = PBXFileReference; lastKnownFileType = sourcecode.swift; path = Requests.swift; sourceTree = "<group>"; };
		FEA2995921AB039500D1C109 /* DownloadImageManager.swift */ = {isa = PBXFileReference; lastKnownFileType = sourcecode.swift; path = DownloadImageManager.swift; sourceTree = "<group>"; };
		FEA2995B21AB03AC00D1C109 /* NetworkManager.swift */ = {isa = PBXFileReference; lastKnownFileType = sourcecode.swift; path = NetworkManager.swift; sourceTree = "<group>"; };
		FEA44810216A6D330042A9A2 /* ConversationViewController.swift */ = {isa = PBXFileReference; lastKnownFileType = sourcecode.swift; path = ConversationViewController.swift; sourceTree = "<group>"; };
		FEA44812216A742E0042A9A2 /* ChatTableViewCell.swift */ = {isa = PBXFileReference; lastKnownFileType = sourcecode.swift; path = ChatTableViewCell.swift; sourceTree = "<group>"; };
		FEB470B221A1DFC000371D64 /* CoreAssembly.swift */ = {isa = PBXFileReference; lastKnownFileType = sourcecode.swift; path = CoreAssembly.swift; sourceTree = "<group>"; };
		FEB470B621A1E0BA00371D64 /* RootAssembly.swift */ = {isa = PBXFileReference; lastKnownFileType = sourcecode.swift; path = RootAssembly.swift; sourceTree = "<group>"; };
		FEB470B821A1E10600371D64 /* PresentationAssembly.swift */ = {isa = PBXFileReference; lastKnownFileType = sourcecode.swift; path = PresentationAssembly.swift; sourceTree = "<group>"; };
		FEB470BC21A1E20200371D64 /* ServicesAssembly.swift */ = {isa = PBXFileReference; lastKnownFileType = sourcecode.swift; path = ServicesAssembly.swift; sourceTree = "<group>"; };
		FEB470C421A1E66100371D64 /* ConversationsListModel.swift */ = {isa = PBXFileReference; lastKnownFileType = sourcecode.swift; path = ConversationsListModel.swift; sourceTree = "<group>"; };
		FEB470D921A1FB5000371D64 /* MessageRequestsManager.swift */ = {isa = PBXFileReference; lastKnownFileType = sourcecode.swift; path = MessageRequestsManager.swift; sourceTree = "<group>"; };
		FEB470DB21A1FDB700371D64 /* UserRequestsManager.swift */ = {isa = PBXFileReference; lastKnownFileType = sourcecode.swift; path = UserRequestsManager.swift; sourceTree = "<group>"; };
		FEB470DD21A1FF4300371D64 /* ConversationListInteractor.swift */ = {isa = PBXFileReference; lastKnownFileType = sourcecode.swift; path = ConversationListInteractor.swift; sourceTree = "<group>"; };
		FEB470DF21A1FFFB00371D64 /* CommunicationIntegrator.swift */ = {isa = PBXFileReference; lastKnownFileType = sourcecode.swift; path = CommunicationIntegrator.swift; sourceTree = "<group>"; };
		FEB470E121A2017900371D64 /* ProfileInteractor.swift */ = {isa = PBXFileReference; lastKnownFileType = sourcecode.swift; path = ProfileInteractor.swift; sourceTree = "<group>"; };
		FEB470E321A2058200371D64 /* ICommunicationManager.swift */ = {isa = PBXFileReference; lastKnownFileType = sourcecode.swift; path = ICommunicationManager.swift; sourceTree = "<group>"; };
		FECEA5572157B63D0007FDF4 /* Messenger.app */ = {isa = PBXFileReference; explicitFileType = wrapper.application; includeInIndex = 0; path = Messenger.app; sourceTree = BUILT_PRODUCTS_DIR; };
		FECEA55A2157B63D0007FDF4 /* AppDelegate.swift */ = {isa = PBXFileReference; lastKnownFileType = sourcecode.swift; path = AppDelegate.swift; sourceTree = "<group>"; };
		FECEA55F2157B63D0007FDF4 /* Base */ = {isa = PBXFileReference; lastKnownFileType = file.storyboard; name = Base; path = Base.lproj/Main.storyboard; sourceTree = "<group>"; };
		FECEA5622157B63D0007FDF4 /* Messenger.xcdatamodel */ = {isa = PBXFileReference; lastKnownFileType = wrapper.xcdatamodel; path = Messenger.xcdatamodel; sourceTree = "<group>"; };
		FECEA5642157B63D0007FDF4 /* Assets.xcassets */ = {isa = PBXFileReference; lastKnownFileType = folder.assetcatalog; path = Assets.xcassets; sourceTree = "<group>"; };
		FECEA5672157B63D0007FDF4 /* Base */ = {isa = PBXFileReference; lastKnownFileType = file.storyboard; name = Base; path = Base.lproj/LaunchScreen.storyboard; sourceTree = "<group>"; };
		FECEA5692157B63D0007FDF4 /* Info.plist */ = {isa = PBXFileReference; lastKnownFileType = text.plist.xml; path = Info.plist; sourceTree = "<group>"; };
		FEEB315F2173B6F300B2E220 /* Themes.m */ = {isa = PBXFileReference; lastKnownFileType = sourcecode.c.objc; path = Themes.m; sourceTree = "<group>"; };
		FEEB31612173C37900B2E220 /* UserDefaultsExtension.swift */ = {isa = PBXFileReference; lastKnownFileType = sourcecode.swift; path = UserDefaultsExtension.swift; sourceTree = "<group>"; };
		FEED6E8521986E1E00D00456 /* Conversation.swift */ = {isa = PBXFileReference; lastKnownFileType = sourcecode.swift; path = Conversation.swift; sourceTree = "<group>"; };
		FEED6E8721986E3D00D00456 /* Message.swift */ = {isa = PBXFileReference; lastKnownFileType = sourcecode.swift; path = Message.swift; sourceTree = "<group>"; };
		FEED6E8921986EAF00D00456 /* User.swift */ = {isa = PBXFileReference; lastKnownFileType = sourcecode.swift; path = User.swift; sourceTree = "<group>"; };
		FEED6E8B2198729F00D00456 /* ConversationRequestsManager.swift */ = {isa = PBXFileReference; lastKnownFileType = sourcecode.swift; path = ConversationRequestsManager.swift; sourceTree = "<group>"; };
		FEEEE68B21AAE5AD004BA3E3 /* RequestConfig.swift */ = {isa = PBXFileReference; lastKnownFileType = sourcecode.swift; path = RequestConfig.swift; sourceTree = "<group>"; };
		FEEEE68D21AAE5ED004BA3E3 /* RequestSender.swift */ = {isa = PBXFileReference; lastKnownFileType = sourcecode.swift; path = RequestSender.swift; sourceTree = "<group>"; };
		FEEEE69021AAE7DC004BA3E3 /* DownloadImageViewController.swift */ = {isa = PBXFileReference; lastKnownFileType = sourcecode.swift; path = DownloadImageViewController.swift; sourceTree = "<group>"; };
		FEEEE69221AAE8A6004BA3E3 /* ImageDownloader.swift */ = {isa = PBXFileReference; lastKnownFileType = sourcecode.swift; path = ImageDownloader.swift; sourceTree = "<group>"; };
		FEEEE69421AAEB6C004BA3E3 /* DownloadImageCollectionViewCell.swift */ = {isa = PBXFileReference; lastKnownFileType = sourcecode.swift; path = DownloadImageCollectionViewCell.swift; sourceTree = "<group>"; };
		FEEEE69721AAEC9D004BA3E3 /* DownloadImageInteractor.swift */ = {isa = PBXFileReference; lastKnownFileType = sourcecode.swift; path = DownloadImageInteractor.swift; sourceTree = "<group>"; };
/* End PBXFileReference section */

/* Begin PBXFrameworksBuildPhase section */
		FECEA5542157B63D0007FDF4 /* Frameworks */ = {
			isa = PBXFrameworksBuildPhase;
			buildActionMask = 2147483647;
			files = (
				5BA6003C0AC2532F767672CD /* Pods_Messenger.framework in Frameworks */,
			);
			runOnlyForDeploymentPostprocessing = 0;
		};
/* End PBXFrameworksBuildPhase section */

/* Begin PBXGroup section */
		6870E609D3891D16F2C3292E /* Frameworks */ = {
			isa = PBXGroup;
			children = (
				F6D8F9930F6193F3952D6631 /* Pods_Messenger.framework */,
			);
			name = Frameworks;
			sourceTree = "<group>";
		};
		DBC4146EA43242D8BCF98B91 /* Pods */ = {
			isa = PBXGroup;
			children = (
				D6614CF3153E939593B848C8 /* Pods-Messenger.debug.xcconfig */,
				BCEF88FA66582B6D723AE47D /* Pods-Messenger.release.xcconfig */,
			);
			name = Pods;
			sourceTree = "<group>";
		};
		FE2155CC21A219FA0005943B /* Model */ = {
			isa = PBXGroup;
			children = (
				FEB470DF21A1FFFB00371D64 /* CommunicationIntegrator.swift */,
				FEED6E8921986EAF00D00456 /* User.swift */,
				FE2155CD21A21A410005943B /* AppUser.swift */,
				FEED6E8721986E3D00D00456 /* Message.swift */,
				FEED6E8521986E1E00D00456 /* Conversation.swift */,
			);
			path = Model;
			sourceTree = "<group>";
		};
		FE2155CF21A21AA50005943B /* ConversationListVC */ = {
			isa = PBXGroup;
			children = (
				FE7CF30B216A321500F4ECBF /* ConversationsListViewController.swift */,
				FE2155D021A21AB90005943B /* Model */,
			);
			path = ConversationListVC;
			sourceTree = "<group>";
		};
		FE2155D021A21AB90005943B /* Model */ = {
			isa = PBXGroup;
			children = (
				FEB470C421A1E66100371D64 /* ConversationsListModel.swift */,
				FE7CF30F216A376C00F4ECBF /* ConversationTableViewCell.swift */,
			);
			path = Model;
			sourceTree = "<group>";
		};
		FE2155D121A21B1F0005943B /* Model */ = {
			isa = PBXGroup;
			children = (
				FEA44812216A742E0042A9A2 /* ChatTableViewCell.swift */,
				FEB470DD21A1FF4300371D64 /* ConversationListInteractor.swift */,
			);
			path = Model;
			sourceTree = "<group>";
		};
		FE2155D221A21B670005943B /* Model */ = {
			isa = PBXGroup;
			children = (
				FE1F109C217CC2BA00694AA2 /* UserProfile.swift */,
				FEB470E121A2017900371D64 /* ProfileInteractor.swift */,
			);
			path = Model;
			sourceTree = "<group>";
		};
		FE2155D321A21BC50005943B /* Model */ = {
			isa = PBXGroup;
			children = (
				FE35D3932173809700853120 /* Themes.h */,
				FEEB315F2173B6F300B2E220 /* Themes.m */,
			);
			path = Model;
			sourceTree = "<group>";
		};
		FE2155D421A21DE40005943B /* MultipeerCommunicator */ = {
			isa = PBXGroup;
			children = (
				FE9DB1672185F62100CEB400 /* Communicator.swift */,
				FE9DB16D2185FA1100CEB400 /* MCExtension.swift */,
				FE9DB16F2185FA4A00CEB400 /* MultiPeerCommunicator.swift */,
			);
			path = MultipeerCommunicator;
			sourceTree = "<group>";
		};
		FE4CE71221A1BDCD005AE8FE /* PresentationLayer */ = {
			isa = PBXGroup;
			children = (
				FE4CE71921A1C75B005AE8FE /* Moduls */,
				FE4CE71621A1C729005AE8FE /* Assembly */,
			);
			path = PresentationLayer;
			sourceTree = "<group>";
		};
		FE4CE71321A1BDE3005AE8FE /* ServiceLayer */ = {
			isa = PBXGroup;
			children = (
				FE4CE71A21A1C764005AE8FE /* Services */,
				FE4CE71721A1C732005AE8FE /* Assembly */,
			);
			path = ServiceLayer;
			sourceTree = "<group>";
		};
		FE4CE71421A1BDEE005AE8FE /* CoreLayer */ = {
			isa = PBXGroup;
			children = (
				FEEEE68A21AAE57C004BA3E3 /* Network */,
				FE2155D421A21DE40005943B /* MultipeerCommunicator */,
				FECA92C5217CFC2500EF9710 /* CoreDataComponents */,
				FE4CE71821A1C739005AE8FE /* Assembly */,
			);
			path = CoreLayer;
			sourceTree = "<group>";
		};
		FE4CE71521A1BE2E005AE8FE /* SupportingFiles */ = {
			isa = PBXGroup;
			children = (
				FECA92C7217CFCB400EF9710 /* Extensions */,
			);
			path = SupportingFiles;
			sourceTree = "<group>";
		};
		FE4CE71621A1C729005AE8FE /* Assembly */ = {
			isa = PBXGroup;
			children = (
				FEB470B821A1E10600371D64 /* PresentationAssembly.swift */,
			);
			path = Assembly;
			sourceTree = "<group>";
		};
		FE4CE71721A1C732005AE8FE /* Assembly */ = {
			isa = PBXGroup;
			children = (
				FEB470BC21A1E20200371D64 /* ServicesAssembly.swift */,
			);
			path = Assembly;
			sourceTree = "<group>";
		};
		FE4CE71821A1C739005AE8FE /* Assembly */ = {
			isa = PBXGroup;
			children = (
				FEB470B221A1DFC000371D64 /* CoreAssembly.swift */,
			);
			path = Assembly;
			sourceTree = "<group>";
		};
		FE4CE71921A1C75B005AE8FE /* Moduls */ = {
			isa = PBXGroup;
			children = (
				FE8E100B21B5B07300305FAA /* TinkoffLogoVC */,
				FEEEE68F21AAE651004BA3E3 /* DonloadImageVC */,
				FE2155CC21A219FA0005943B /* Model */,
				FE2155CF21A21AA50005943B /* ConversationListVC */,
				FEB470B121A1CDDE00371D64 /* ProfileViewController */,
				FEEA934E2190D8DC00D8F74F /* ConversationVC */,
				FECA92C6217CFC6800EF9710 /* ThemesControllers */,
			);
			path = Moduls;
			sourceTree = "<group>";
		};
		FE4CE71A21A1C764005AE8FE /* Services */ = {
			isa = PBXGroup;
			children = (
				FE9DB1642185F55D00CEB400 /* Communication+DataManagers */,
				FEA2995921AB039500D1C109 /* DownloadImageManager.swift */,
				FEA2995B21AB03AC00D1C109 /* NetworkManager.swift */,
			);
			path = Services;
			sourceTree = "<group>";
		};
		FE78F8532173CBCC0086CBCD /* Controllers */ = {
			isa = PBXGroup;
			children = (
				FE78F8562173D2B90086CBCD /* ThemesViewControllerSwift.swift */,
				FE35D38D2173725400853120 /* ThemesViewController.h */,
				FE35D38B2173720A00853120 /* ThemesViewController.m */,
				FE35D3942173889500853120 /* ThemesViewControllerDelegate.h */,
			);
			path = Controllers;
			sourceTree = "<group>";
		};
		FE8E100B21B5B07300305FAA /* TinkoffLogoVC */ = {
			isa = PBXGroup;
			children = (
				FE8E100921B582FF00305FAA /* TinkoffLogoNavigationController.swift */,
				FE8E100C21B5B08B00305FAA /* Model */,
			);
			path = TinkoffLogoVC;
			sourceTree = "<group>";
		};
		FE8E100C21B5B08B00305FAA /* Model */ = {
			isa = PBXGroup;
			children = (
				FE8E100721B57ECF00305FAA /* TinkoffLogoMaker.swift */,
			);
			path = Model;
			sourceTree = "<group>";
		};
		FE9DB1642185F55D00CEB400 /* Communication+DataManagers */ = {
			isa = PBXGroup;
			children = (
				FE9DB1652185F58D00CEB400 /* CommunicationManager.swift */,
				FE9DB16B2185F75A00CEB400 /* CommunicationDelegate.swift */,
				FE7E1748218F2D8E00042541 /* StorageManager.swift */,
				FEB470E321A2058200371D64 /* ICommunicationManager.swift */,
				FE1F1096217CC0CF00694AA2 /* GCDDataManager.swift */,
				FE1F109A217CC26000694AA2 /* ProfileSaveProtocol.swift */,
				FE1F1098217CC0E100694AA2 /* OperationDataManager..swift */,
				FE1F109E217CD59F00694AA2 /* AsyncOperation.swift */,
			);
			path = "Communication+DataManagers";
			sourceTree = "<group>";
		};
		FEA2995D21AB198D00D1C109 /* View */ = {
			isa = PBXGroup;
			children = (
				FEEEE69421AAEB6C004BA3E3 /* DownloadImageCollectionViewCell.swift */,
			);
			path = View;
			sourceTree = "<group>";
		};
		FEB470B121A1CDDE00371D64 /* ProfileViewController */ = {
			isa = PBXGroup;
			children = (
				FE2155D221A21B670005943B /* Model */,
				FE08E15321611D7700007D7C /* ProfileViewController.swift */,
			);
			path = ProfileViewController;
			sourceTree = "<group>";
		};
		FECA92C5217CFC2500EF9710 /* CoreDataComponents */ = {
			isa = PBXGroup;
			children = (
				FEED6E8421986DEE00D00456 /* CoreData */,
			);
			path = CoreDataComponents;
			sourceTree = "<group>";
		};
		FECA92C6217CFC6800EF9710 /* ThemesControllers */ = {
			isa = PBXGroup;
			children = (
				FE2155D321A21BC50005943B /* Model */,
				FE78F8532173CBCC0086CBCD /* Controllers */,
			);
			path = ThemesControllers;
			sourceTree = "<group>";
		};
		FECA92C7217CFCB400EF9710 /* Extensions */ = {
			isa = PBXGroup;
			children = (
				FEEB31612173C37900B2E220 /* UserDefaultsExtension.swift */,
			);
			path = Extensions;
			sourceTree = "<group>";
		};
		FECEA54E2157B63D0007FDF4 = {
			isa = PBXGroup;
			children = (
				FE7FFB4E2198B58800A7F883 /* .swiftlint.yml */,
				FECEA5592157B63D0007FDF4 /* Messenger */,
				FECEA5582157B63D0007FDF4 /* Products */,
				DBC4146EA43242D8BCF98B91 /* Pods */,
				6870E609D3891D16F2C3292E /* Frameworks */,
			);
			sourceTree = "<group>";
		};
		FECEA5582157B63D0007FDF4 /* Products */ = {
			isa = PBXGroup;
			children = (
				FECEA5572157B63D0007FDF4 /* Messenger.app */,
			);
			name = Products;
			sourceTree = "<group>";
		};
		FECEA5592157B63D0007FDF4 /* Messenger */ = {
			isa = PBXGroup;
			children = (
				FE4CE71221A1BDCD005AE8FE /* PresentationLayer */,
				FE4CE71321A1BDE3005AE8FE /* ServiceLayer */,
				FE4CE71421A1BDEE005AE8FE /* CoreLayer */,
				FE4CE71521A1BE2E005AE8FE /* SupportingFiles */,
				FE35D38E21737ADC00853120 /* Messenger-Bridging-Header.h */,
				FEB470B621A1E0BA00371D64 /* RootAssembly.swift */,
				FECEA55A2157B63D0007FDF4 /* AppDelegate.swift */,
				FECEA5642157B63D0007FDF4 /* Assets.xcassets */,
				FECEA55E2157B63D0007FDF4 /* Main.storyboard */,
				FECEA5662157B63D0007FDF4 /* LaunchScreen.storyboard */,
				FECEA5692157B63D0007FDF4 /* Info.plist */,
			);
			path = Messenger;
			sourceTree = "<group>";
		};
		FEEA934E2190D8DC00D8F74F /* ConversationVC */ = {
			isa = PBXGroup;
			children = (
				FE2155D121A21B1F0005943B /* Model */,
				FEA44810216A6D330042A9A2 /* ConversationViewController.swift */,
			);
			path = ConversationVC;
			sourceTree = "<group>";
		};
		FEED6E8421986DEE00D00456 /* CoreData */ = {
			isa = PBXGroup;
			children = (
				FECEA5612157B63D0007FDF4 /* Messenger.xcdatamodeld */,
				FE31022721A1C8E600A8428A /* CoreDataStack.swift */,
				FEED6E8B2198729F00D00456 /* ConversationRequestsManager.swift */,
				FEB470D921A1FB5000371D64 /* MessageRequestsManager.swift */,
				FEB470DB21A1FDB700371D64 /* UserRequestsManager.swift */,
			);
			path = CoreData;
			sourceTree = "<group>";
		};
		FEEEE68A21AAE57C004BA3E3 /* Network */ = {
			isa = PBXGroup;
			children = (
				FEEEE68B21AAE5AD004BA3E3 /* RequestConfig.swift */,
				FEEEE68D21AAE5ED004BA3E3 /* RequestSender.swift */,
				FEA2995321AAF22E00D1C109 /* ImageProvider.swift */,
				FEA2995521AAF46900D1C109 /* ImageRequestsStorageParser.swift */,
				FEA2995721AAF48D00D1C109 /* Requests.swift */,
			);
			path = Network;
			sourceTree = "<group>";
		};
		FEEEE68F21AAE651004BA3E3 /* DonloadImageVC */ = {
			isa = PBXGroup;
			children = (
				FEA2995D21AB198D00D1C109 /* View */,
				FEEEE69621AAEC8B004BA3E3 /* Model */,
				FEEEE69021AAE7DC004BA3E3 /* DownloadImageViewController.swift */,
				FEEEE69221AAE8A6004BA3E3 /* ImageDownloader.swift */,
			);
			path = DonloadImageVC;
			sourceTree = "<group>";
		};
		FEEEE69621AAEC8B004BA3E3 /* Model */ = {
			isa = PBXGroup;
			children = (
				FEEEE69721AAEC9D004BA3E3 /* DownloadImageInteractor.swift */,
			);
			path = Model;
			sourceTree = "<group>";
		};
/* End PBXGroup section */

/* Begin PBXNativeTarget section */
		FECEA5562157B63D0007FDF4 /* Messenger */ = {
			isa = PBXNativeTarget;
			buildConfigurationList = FECEA56C2157B63D0007FDF4 /* Build configuration list for PBXNativeTarget "Messenger" */;
			buildPhases = (
				75D83E38142A416E0CB093FE /* [CP] Check Pods Manifest.lock */,
				FE7FFB4D2198AA0200A7F883 /* ShellScript */,
				FECEA5532157B63D0007FDF4 /* Sources */,
				FECEA5542157B63D0007FDF4 /* Frameworks */,
				FECEA5552157B63D0007FDF4 /* Resources */,
			);
			buildRules = (
			);
			dependencies = (
			);
			name = Messenger;
			productName = Messenger;
			productReference = FECEA5572157B63D0007FDF4 /* Messenger.app */;
			productType = "com.apple.product-type.application";
		};
/* End PBXNativeTarget section */

/* Begin PBXProject section */
		FECEA54F2157B63D0007FDF4 /* Project object */ = {
			isa = PBXProject;
			attributes = {
				LastSwiftUpdateCheck = 0900;
				LastUpgradeCheck = 1000;
				ORGANIZATIONNAME = "Иван Базаров";
				TargetAttributes = {
					FECEA5562157B63D0007FDF4 = {
						CreatedOnToolsVersion = 9.0;
						LastSwiftMigration = 1000;
						ProvisioningStyle = Automatic;
					};
				};
			};
			buildConfigurationList = FECEA5522157B63D0007FDF4 /* Build configuration list for PBXProject "Messenger" */;
			compatibilityVersion = "Xcode 8.0";
			developmentRegion = en;
			hasScannedForEncodings = 0;
			knownRegions = (
				en,
				Base,
			);
			mainGroup = FECEA54E2157B63D0007FDF4;
			productRefGroup = FECEA5582157B63D0007FDF4 /* Products */;
			projectDirPath = "";
			projectRoot = "";
			targets = (
				FECEA5562157B63D0007FDF4 /* Messenger */,
			);
		};
/* End PBXProject section */

/* Begin PBXResourcesBuildPhase section */
		FECEA5552157B63D0007FDF4 /* Resources */ = {
			isa = PBXResourcesBuildPhase;
			buildActionMask = 2147483647;
			files = (
				FE7FFB4F2198B58800A7F883 /* .swiftlint.yml in Resources */,
				FECEA5682157B63D0007FDF4 /* LaunchScreen.storyboard in Resources */,
				FECEA56F2157BA910007FDF4 /* Assets.xcassets in Resources */,
				FECEA5602157B63D0007FDF4 /* Main.storyboard in Resources */,
			);
			runOnlyForDeploymentPostprocessing = 0;
		};
/* End PBXResourcesBuildPhase section */

/* Begin PBXShellScriptBuildPhase section */
		75D83E38142A416E0CB093FE /* [CP] Check Pods Manifest.lock */ = {
			isa = PBXShellScriptBuildPhase;
			buildActionMask = 2147483647;
			files = (
			);
			inputPaths = (
				"${PODS_PODFILE_DIR_PATH}/Podfile.lock",
				"${PODS_ROOT}/Manifest.lock",
			);
			name = "[CP] Check Pods Manifest.lock";
			outputPaths = (
				"$(DERIVED_FILE_DIR)/Pods-Messenger-checkManifestLockResult.txt",
			);
			runOnlyForDeploymentPostprocessing = 0;
			shellPath = /bin/sh;
			shellScript = "diff \"${PODS_PODFILE_DIR_PATH}/Podfile.lock\" \"${PODS_ROOT}/Manifest.lock\" > /dev/null\nif [ $? != 0 ] ; then\n    # print error to STDERR\n    echo \"error: The sandbox is not in sync with the Podfile.lock. Run 'pod install' or update your CocoaPods installation.\" >&2\n    exit 1\nfi\n# This output is used by Xcode 'outputs' to avoid re-running this script phase.\necho \"SUCCESS\" > \"${SCRIPT_OUTPUT_FILE_0}\"\n";
			showEnvVarsInLog = 0;
		};
		FE7FFB4D2198AA0200A7F883 /* ShellScript */ = {
			isa = PBXShellScriptBuildPhase;
			buildActionMask = 2147483647;
			files = (
			);
			inputFileListPaths = (
			);
			inputPaths = (
			);
			outputFileListPaths = (
			);
			outputPaths = (
			);
			runOnlyForDeploymentPostprocessing = 0;
			shellPath = /bin/sh;
			shellScript = "\"${PODS_ROOT}/SwiftLint/swiftlint\"\n";
		};
/* End PBXShellScriptBuildPhase section */

/* Begin PBXSourcesBuildPhase section */
		FECEA5532157B63D0007FDF4 /* Sources */ = {
			isa = PBXSourcesBuildPhase;
			buildActionMask = 2147483647;
			files = (
				FE9DB1702185FA4A00CEB400 /* MultiPeerCommunicator.swift in Sources */,
				FECEA55B2157B63D0007FDF4 /* AppDelegate.swift in Sources */,
				FEEEE69521AAEB6C004BA3E3 /* DownloadImageCollectionViewCell.swift in Sources */,
				FE7E1749218F2D8E00042541 /* StorageManager.swift in Sources */,
				FEED6E8621986E1E00D00456 /* Conversation.swift in Sources */,
				FEB470BD21A1E20200371D64 /* ServicesAssembly.swift in Sources */,
				FE8E100A21B582FF00305FAA /* TinkoffLogoNavigationController.swift in Sources */,
				FEEEE68C21AAE5AD004BA3E3 /* RequestConfig.swift in Sources */,
				FEA2995621AAF46900D1C109 /* ImageRequestsStorageParser.swift in Sources */,
				FE1F109B217CC26000694AA2 /* ProfileSaveProtocol.swift in Sources */,
				FE7CF30C216A321500F4ECBF /* ConversationsListViewController.swift in Sources */,
				FEA44811216A6D340042A9A2 /* ConversationViewController.swift in Sources */,
				FEB470DC21A1FDB700371D64 /* UserRequestsManager.swift in Sources */,
				FEB470DE21A1FF4300371D64 /* ConversationListInteractor.swift in Sources */,
				FEEEE69321AAE8A6004BA3E3 /* ImageDownloader.swift in Sources */,
				FE08E15421611D7700007D7C /* ProfileViewController.swift in Sources */,
				FEED6E8A21986EAF00D00456 /* User.swift in Sources */,
				FEA44813216A742E0042A9A2 /* ChatTableViewCell.swift in Sources */,
				FEEEE69121AAE7DC004BA3E3 /* DownloadImageViewController.swift in Sources */,
				FEB470E421A2058200371D64 /* ICommunicationManager.swift in Sources */,
				FE1F1097217CC0CF00694AA2 /* GCDDataManager.swift in Sources */,
				FE1F1099217CC0E100694AA2 /* OperationDataManager..swift in Sources */,
				FE8E100821B57ECF00305FAA /* TinkoffLogoMaker.swift in Sources */,
				FEA2995821AAF48D00D1C109 /* Requests.swift in Sources */,
				FEA2995C21AB03AC00D1C109 /* NetworkManager.swift in Sources */,
				FEB470B921A1E10600371D64 /* PresentationAssembly.swift in Sources */,
				FE35D38C2173720A00853120 /* ThemesViewController.m in Sources */,
				FEED6E8821986E3D00D00456 /* Message.swift in Sources */,
				FECEA5632157B63D0007FDF4 /* Messenger.xcdatamodeld in Sources */,
				FEB470E021A1FFFB00371D64 /* CommunicationIntegrator.swift in Sources */,
				FEB470B721A1E0BA00371D64 /* RootAssembly.swift in Sources */,
				FEEEE68E21AAE5ED004BA3E3 /* RequestSender.swift in Sources */,
				FE9DB1662185F58D00CEB400 /* CommunicationManager.swift in Sources */,
				FE9DB16C2185F75A00CEB400 /* CommunicationDelegate.swift in Sources */,
				FEB470B321A1DFC000371D64 /* CoreAssembly.swift in Sources */,
				FEEEE69821AAEC9D004BA3E3 /* DownloadImageInteractor.swift in Sources */,
				FEEB31602173B6F300B2E220 /* Themes.m in Sources */,
				FE2155CE21A21A410005943B /* AppUser.swift in Sources */,
				FE9DB16E2185FA1100CEB400 /* MCExtension.swift in Sources */,
				FEB470C521A1E66100371D64 /* ConversationsListModel.swift in Sources */,
				FEB470E221A2017900371D64 /* ProfileInteractor.swift in Sources */,
				FEA2995421AAF22E00D1C109 /* ImageProvider.swift in Sources */,
				FE7CF311216A376C00F4ECBF /* ConversationTableViewCell.swift in Sources */,
				FE1F109F217CD59F00694AA2 /* AsyncOperation.swift in Sources */,
				FE78F8572173D2B90086CBCD /* ThemesViewControllerSwift.swift in Sources */,
				FEEB31622173C37900B2E220 /* UserDefaultsExtension.swift in Sources */,
				FEED6E8C2198729F00D00456 /* ConversationRequestsManager.swift in Sources */,
				FEA2995A21AB039500D1C109 /* DownloadImageManager.swift in Sources */,
				FE1F109D217CC2BA00694AA2 /* UserProfile.swift in Sources */,
				FEB470DA21A1FB5000371D64 /* MessageRequestsManager.swift in Sources */,
				FE9DB1682185F62100CEB400 /* Communicator.swift in Sources */,
				FE31022821A1C8E600A8428A /* CoreDataStack.swift in Sources */,
			);
			runOnlyForDeploymentPostprocessing = 0;
		};
/* End PBXSourcesBuildPhase section */

/* Begin PBXVariantGroup section */
		FECEA55E2157B63D0007FDF4 /* Main.storyboard */ = {
			isa = PBXVariantGroup;
			children = (
				FECEA55F2157B63D0007FDF4 /* Base */,
			);
			name = Main.storyboard;
			sourceTree = "<group>";
		};
		FECEA5662157B63D0007FDF4 /* LaunchScreen.storyboard */ = {
			isa = PBXVariantGroup;
			children = (
				FECEA5672157B63D0007FDF4 /* Base */,
			);
			name = LaunchScreen.storyboard;
			sourceTree = "<group>";
		};
/* End PBXVariantGroup section */

/* Begin XCBuildConfiguration section */
		FECEA56A2157B63D0007FDF4 /* Debug */ = {
			isa = XCBuildConfiguration;
			buildSettings = {
				ALWAYS_SEARCH_USER_PATHS = NO;
				CLANG_ANALYZER_NONNULL = YES;
				CLANG_ANALYZER_NUMBER_OBJECT_CONVERSION = YES_AGGRESSIVE;
				CLANG_CXX_LANGUAGE_STANDARD = "gnu++14";
				CLANG_CXX_LIBRARY = "libc++";
				CLANG_ENABLE_MODULES = YES;
				CLANG_ENABLE_OBJC_ARC = NO;
				CLANG_ENABLE_OBJC_WEAK = YES;
				CLANG_WARN_BLOCK_CAPTURE_AUTORELEASING = YES;
				CLANG_WARN_BOOL_CONVERSION = YES;
				CLANG_WARN_COMMA = YES;
				CLANG_WARN_CONSTANT_CONVERSION = YES;
				CLANG_WARN_DEPRECATED_OBJC_IMPLEMENTATIONS = YES;
				CLANG_WARN_DIRECT_OBJC_ISA_USAGE = YES_ERROR;
				CLANG_WARN_DOCUMENTATION_COMMENTS = YES;
				CLANG_WARN_EMPTY_BODY = YES;
				CLANG_WARN_ENUM_CONVERSION = YES;
				CLANG_WARN_INFINITE_RECURSION = YES;
				CLANG_WARN_INT_CONVERSION = YES;
				CLANG_WARN_NON_LITERAL_NULL_CONVERSION = YES;
				CLANG_WARN_OBJC_IMPLICIT_RETAIN_SELF = YES;
				CLANG_WARN_OBJC_LITERAL_CONVERSION = YES;
				CLANG_WARN_OBJC_ROOT_CLASS = YES_ERROR;
				CLANG_WARN_RANGE_LOOP_ANALYSIS = YES;
				CLANG_WARN_STRICT_PROTOTYPES = YES;
				CLANG_WARN_SUSPICIOUS_MOVE = YES;
				CLANG_WARN_UNGUARDED_AVAILABILITY = YES_AGGRESSIVE;
				CLANG_WARN_UNREACHABLE_CODE = YES;
				CLANG_WARN__DUPLICATE_METHOD_MATCH = YES;
				CODE_SIGN_IDENTITY = "iPhone Developer";
				COPY_PHASE_STRIP = NO;
				DEBUG_INFORMATION_FORMAT = dwarf;
				ENABLE_STRICT_OBJC_MSGSEND = YES;
				ENABLE_TESTABILITY = YES;
				GCC_C_LANGUAGE_STANDARD = gnu11;
				GCC_DYNAMIC_NO_PIC = NO;
				GCC_NO_COMMON_BLOCKS = YES;
				GCC_OPTIMIZATION_LEVEL = 0;
				GCC_PREPROCESSOR_DEFINITIONS = (
					"DEBUG=1",
					"$(inherited)",
				);
				GCC_WARN_64_TO_32_BIT_CONVERSION = YES;
				GCC_WARN_ABOUT_RETURN_TYPE = YES_ERROR;
				GCC_WARN_UNDECLARED_SELECTOR = YES;
				GCC_WARN_UNINITIALIZED_AUTOS = YES_AGGRESSIVE;
				GCC_WARN_UNUSED_FUNCTION = YES;
				GCC_WARN_UNUSED_VARIABLE = YES;
				IPHONEOS_DEPLOYMENT_TARGET = 11.0;
				MTL_ENABLE_DEBUG_INFO = YES;
				ONLY_ACTIVE_ARCH = YES;
				SDKROOT = iphoneos;
				SWIFT_ACTIVE_COMPILATION_CONDITIONS = DEBUG;
				"SWIFT_OBJC_BRIDGING_HEADER[arch=*]" = "Messenger/Messenger-Bridging-Header.h";
				SWIFT_OPTIMIZATION_LEVEL = "-Onone";
			};
			name = Debug;
		};
		FECEA56B2157B63D0007FDF4 /* Release */ = {
			isa = XCBuildConfiguration;
			buildSettings = {
				ALWAYS_SEARCH_USER_PATHS = NO;
				CLANG_ANALYZER_NONNULL = YES;
				CLANG_ANALYZER_NUMBER_OBJECT_CONVERSION = YES_AGGRESSIVE;
				CLANG_CXX_LANGUAGE_STANDARD = "gnu++14";
				CLANG_CXX_LIBRARY = "libc++";
				CLANG_ENABLE_MODULES = YES;
				CLANG_ENABLE_OBJC_ARC = NO;
				CLANG_ENABLE_OBJC_WEAK = YES;
				CLANG_WARN_BLOCK_CAPTURE_AUTORELEASING = YES;
				CLANG_WARN_BOOL_CONVERSION = YES;
				CLANG_WARN_COMMA = YES;
				CLANG_WARN_CONSTANT_CONVERSION = YES;
				CLANG_WARN_DEPRECATED_OBJC_IMPLEMENTATIONS = YES;
				CLANG_WARN_DIRECT_OBJC_ISA_USAGE = YES_ERROR;
				CLANG_WARN_DOCUMENTATION_COMMENTS = YES;
				CLANG_WARN_EMPTY_BODY = YES;
				CLANG_WARN_ENUM_CONVERSION = YES;
				CLANG_WARN_INFINITE_RECURSION = YES;
				CLANG_WARN_INT_CONVERSION = YES;
				CLANG_WARN_NON_LITERAL_NULL_CONVERSION = YES;
				CLANG_WARN_OBJC_IMPLICIT_RETAIN_SELF = YES;
				CLANG_WARN_OBJC_LITERAL_CONVERSION = YES;
				CLANG_WARN_OBJC_ROOT_CLASS = YES_ERROR;
				CLANG_WARN_RANGE_LOOP_ANALYSIS = YES;
				CLANG_WARN_STRICT_PROTOTYPES = YES;
				CLANG_WARN_SUSPICIOUS_MOVE = YES;
				CLANG_WARN_UNGUARDED_AVAILABILITY = YES_AGGRESSIVE;
				CLANG_WARN_UNREACHABLE_CODE = YES;
				CLANG_WARN__DUPLICATE_METHOD_MATCH = YES;
				CODE_SIGN_IDENTITY = "iPhone Developer";
				COPY_PHASE_STRIP = NO;
				DEBUG_INFORMATION_FORMAT = "dwarf-with-dsym";
				ENABLE_NS_ASSERTIONS = NO;
				ENABLE_STRICT_OBJC_MSGSEND = YES;
				GCC_C_LANGUAGE_STANDARD = gnu11;
				GCC_NO_COMMON_BLOCKS = YES;
				GCC_WARN_64_TO_32_BIT_CONVERSION = YES;
				GCC_WARN_ABOUT_RETURN_TYPE = YES_ERROR;
				GCC_WARN_UNDECLARED_SELECTOR = YES;
				GCC_WARN_UNINITIALIZED_AUTOS = YES_AGGRESSIVE;
				GCC_WARN_UNUSED_FUNCTION = YES;
				GCC_WARN_UNUSED_VARIABLE = YES;
				IPHONEOS_DEPLOYMENT_TARGET = 11.0;
				MTL_ENABLE_DEBUG_INFO = NO;
				SDKROOT = iphoneos;
				"SWIFT_OBJC_BRIDGING_HEADER[arch=*]" = "Messenger/Messenger-Bridging-Header.h";
				SWIFT_OPTIMIZATION_LEVEL = "-Owholemodule";
				VALIDATE_PRODUCT = YES;
			};
			name = Release;
		};
		FECEA56D2157B63D0007FDF4 /* Debug */ = {
			isa = XCBuildConfiguration;
			baseConfigurationReference = D6614CF3153E939593B848C8 /* Pods-Messenger.debug.xcconfig */;
			buildSettings = {
				ASSETCATALOG_COMPILER_APPICON_NAME = AppIcon;
				CLANG_ENABLE_MODULES = YES;
				CODE_SIGN_STYLE = Automatic;
				DEVELOPMENT_TEAM = XLRYR8YGW4;
				INFOPLIST_FILE = Messenger/Info.plist;
				LD_RUNPATH_SEARCH_PATHS = "$(inherited) @executable_path/Frameworks";
				PRODUCT_BUNDLE_IDENTIFIER = elektro.Messenger;
				PRODUCT_NAME = "$(TARGET_NAME)";
				SWIFT_OBJC_BRIDGING_HEADER = "Messenger/Messenger-Bridging-Header.h";
				SWIFT_OPTIMIZATION_LEVEL = "-Onone";
				SWIFT_VERSION = 4.2;
				TARGETED_DEVICE_FAMILY = "1,2";
			};
			name = Debug;
		};
		FECEA56E2157B63D0007FDF4 /* Release */ = {
			isa = XCBuildConfiguration;
			baseConfigurationReference = BCEF88FA66582B6D723AE47D /* Pods-Messenger.release.xcconfig */;
			buildSettings = {
				ASSETCATALOG_COMPILER_APPICON_NAME = AppIcon;
				CLANG_ENABLE_MODULES = YES;
				CODE_SIGN_STYLE = Automatic;
				DEVELOPMENT_TEAM = XLRYR8YGW4;
				INFOPLIST_FILE = Messenger/Info.plist;
				LD_RUNPATH_SEARCH_PATHS = "$(inherited) @executable_path/Frameworks";
				PRODUCT_BUNDLE_IDENTIFIER = elektro.Messenger;
				PRODUCT_NAME = "$(TARGET_NAME)";
				SWIFT_OBJC_BRIDGING_HEADER = "Messenger/Messenger-Bridging-Header.h";
				SWIFT_VERSION = 4.2;
				TARGETED_DEVICE_FAMILY = "1,2";
			};
			name = Release;
		};
/* End XCBuildConfiguration section */

/* Begin XCConfigurationList section */
		FECEA5522157B63D0007FDF4 /* Build configuration list for PBXProject "Messenger" */ = {
			isa = XCConfigurationList;
			buildConfigurations = (
				FECEA56A2157B63D0007FDF4 /* Debug */,
				FECEA56B2157B63D0007FDF4 /* Release */,
			);
			defaultConfigurationIsVisible = 0;
			defaultConfigurationName = Release;
		};
		FECEA56C2157B63D0007FDF4 /* Build configuration list for PBXNativeTarget "Messenger" */ = {
			isa = XCConfigurationList;
			buildConfigurations = (
				FECEA56D2157B63D0007FDF4 /* Debug */,
				FECEA56E2157B63D0007FDF4 /* Release */,
			);
			defaultConfigurationIsVisible = 0;
			defaultConfigurationName = Release;
		};
/* End XCConfigurationList section */

/* Begin XCVersionGroup section */
		FECEA5612157B63D0007FDF4 /* Messenger.xcdatamodeld */ = {
			isa = XCVersionGroup;
			children = (
				FECEA5622157B63D0007FDF4 /* Messenger.xcdatamodel */,
			);
			currentVersion = FECEA5622157B63D0007FDF4 /* Messenger.xcdatamodel */;
			path = Messenger.xcdatamodeld;
			sourceTree = "<group>";
			versionGroupType = wrapper.xcdatamodel;
		};
/* End XCVersionGroup section */
	};
	rootObject = FECEA54F2157B63D0007FDF4 /* Project object */;
}
